
Microsoft Visual Studio Solution File, Format Version 12.00
# Visual Studio Version 17
VisualStudioVersion = 17.4.33213.308
MinimumVisualStudioVersion = 10.0.40219.1
Project("{FAE04EC0-301F-11D3-BF4B-00C04F79EFBC}") = "CustomMiddleware", "CustomMiddleware.csproj", "{4CD8682D-B49C-4D8E-A14B-EA449878BA64}"
EndProject
Global
	GlobalSection(SolutionConfigurationPlatforms) = preSolution
		Debug|Any CPU = Debug|Any CPU
		Release|Any CPU = Release|Any CPU
	EndGlobalSection
	GlobalSection(ProjectConfigurationPlatforms) = postSolution
		{4CD8682D-B49C-4D8E-A14B-EA449878BA64}.Debug|Any CPU.ActiveCfg = Debug|Any CPU
		{4CD8682D-B49C-4D8E-A14B-EA449878BA64}.Debug|Any CPU.Build.0 = Debug|Any CPU
		{4CD8682D-B49C-4D8E-A14B-EA449878BA64}.Release|Any CPU.ActiveCfg = Release|Any CPU
		{4CD8682D-B49C-4D8E-A14B-EA449878BA64}.Release|Any CPU.Build.0 = Release|Any CPU
	EndGlobalSection
	GlobalSection(SolutionProperties) = preSolution
		HideSolutionNode = FALSE
	EndGlobalSection
	GlobalSection(ExtensibilityGlobals) = postSolution
		SolutionGuid = {D857DEF9-144F-47A6-903D-F895904978EC}
	EndGlobalSection
EndGlobal
